github.com/gorilla/mux v1.8.1 h1:TuBL49tXwgrFYWhqrNgrUNEY92u81SPhu7sTdzQEiWY=
github.com/gorilla/mux v1.8.1/go.mod h1:AKf9I4AEqPTmMytcMc0KkNouC66V3BtZ4qD5fmWSiMQ=
github.com/julienschmidt/httprouter v1.3.0 h1:U0609e9tgbseu3rBINet9P48AI/D3oJs4dN7jwJOQ1U=
github.com/julienschmidt/httprouter v1.3.0/go.mod h1:JR6WtHb+2LUe8TCKY3cZOxFyyO8IZAc4RVcycCCAKdM=
github.com/palantir/go-metrics v1.1.1 h1:YL/UmptBjrC6iSCTVr7vfuIcjL0M359Da3/gBGNny10=
github.com/palantir/go-metrics v1.1.1/go.mod h1:fRkuipBnsI4nD8Vd9UNcrUJvD8Y0wOJMSbicygcBrGs=
github.com/palantir/pkg v1.1.0 h1:0EhrSUP8oeeh3MUvk7V/UU7WmsN1UiJNTvNj0sN9Cpo=
github.com/palantir/pkg v1.1.0/go.mod h1:KC9srP/9ssWRxBxFCIqhUGC4Jt7OJkWRz0Iqehup1/c=
github.com/palantir/pkg/metrics v1.10.1 h1:NG/TSZIOtdCKS5pXSWhG6Wk2fzZhxa3MuINpQhogrio=
github.com/palantir/pkg/metrics v1.10.1/go.mod h1:etZRED9/ZNlDPR4SAm6tZhyQI0HmAN1ecHf+wR1HaDY=
github.com/palantir/pkg/objmatcher v1.2.0 h1:cR0IX2NXAhR1hRFBFUwA7y/+m4CtpXUCm5tabqdvS6I=
github.com/palantir/pkg/objmatcher v1.2.0/go.mod h1:ekDpUDezSoBcD47CUWo9xbYTGycIkiM2ODvxHCUR+lQ=
github.com/palantir/witchcraft-go-error v1.47.0 h1:PCsDDVCD0lD5eWI4TpI2vZwXNnNKvmJOx9Ad53wp8vo=
github.com/palantir/witchcraft-go-error v1.47.0/go.mod h1:bOFeal/mgaHA/0xLLbnJl4Rm8rfZsoGOQdo0zduqWjA=
github.com/palantir/witchcraft-go-params v1.46.0 h1:yWKG+COZAKZEpr4aWp1ngneCZ2f2F403v2WL2HupOa0=
github.com/palantir/witchcraft-go-params v1.46.0/go.mod h1:uXTr9aeU7ev10e10GLqXKq6Ohw6Ib/0QYRvCbLa3LI4=
github.com/pkg/errors v0.9.1 h1:FEBLx1zS214owpjy7qsBeixbURkuhQAwrK5UwLGTwt4=
github.com/pkg/errors v0.9.1/go.mod h1:bwawxfHBFNV+L2hUp1rHADufV3IMtnDRdf1r5NINEl0=
github.com/stathat/go v1.0.0/go.mod h1:+9Eg2szqkcOGWv6gfheJmBBsmq9Qf5KDbzy8/aYYR0c=
github.com/stretchr/testify v1.12.1 h1:EuwCh5fleGS7H32xRwO3wRGT7DxrDhLAT6FF8MpWDWE=
github.com/stretchr/testify v1.12.1/go.mod h1:MDEgiDPPsNp5cuIrHPPCyornHKgEVbtFUmoNlxoYthg=
go.yaml.in/yaml/v3 v3.0.5 h1:N6y/pJk8buWs9NY5ERU2HSMfm+IuD/OtfdAnq6kESPw=
go.yaml.in/yaml/v3 v3.0.5/go.mod h1:HVTZu1O7/Vkt2N+BFy8Zza+lnLsABggaTM2ZpNIGuKg=
