github.com/davecgh/go-spew v1.1.1 h1:vj9j/u1bqnvCEfJOwUhtlOARqs3+rkHYY13jYWTU97c=
github.com/davecgh/go-spew v1.1.1/go.mod h1:J7Y8YcW2NihsgmVo/mv3lAwl/skON4iLHjSsI+c5H38=
github.com/gorilla/mux v1.8.1 h1:TuBL49tXwgrFYWhqrNgrUNEY92u81SPhu7sTdzQEiWY=
github.com/gorilla/mux v1.8.1/go.mod h1:AKf9I4AEqPTmMytcMc0KkNouC66V3BtZ4qD5fmWSiMQ=
github.com/julienschmidt/httprouter v1.3.0 h1:U0609e9tgbseu3rBINet9P48AI/D3oJs4dN7jwJOQ1U=
github.com/julienschmidt/httprouter v1.3.0/go.mod h1:JR6WtHb+2LUe8TCKY3cZOxFyyO8IZAc4RVcycCCAKdM=
github.com/palantir/go-metrics v1.1.1 h1:YL/UmptBjrC6iSCTVr7vfuIcjL0M359Da3/gBGNny10=
github.com/palantir/go-metrics v1.1.1/go.mod h1:fRkuipBnsI4nD8Vd9UNcrUJvD8Y0wOJMSbicygcBrGs=
github.com/palantir/pkg v1.1.0 h1:0EhrSUP8oeeh3MUvk7V/UU7WmsN1UiJNTvNj0sN9Cpo=
github.com/palantir/pkg v1.1.0/go.mod h1:KC9srP/9ssWRxBxFCIqhUGC4Jt7OJkWRz0Iqehup1/c=
github.com/palantir/pkg/metrics v1.10.1 h1:NG/TSZIOtdCKS5pXSWhG6Wk2fzZhxa3MuINpQhogrio=
github.com/palantir/pkg/metrics v1.10.1/go.mod h1:etZRED9/ZNlDPR4SAm6tZhyQI0HmAN1ecHf+wR1HaDY=
github.com/palantir/pkg/objmatcher v1.2.0 h1:cR0IX2NXAhR1hRFBFUwA7y/+m4CtpXUCm5tabqdvS6I=
github.com/palantir/pkg/objmatcher v1.2.0/go.mod h1:ekDpUDezSoBcD47CUWo9xbYTGycIkiM2ODvxHCUR+lQ=
github.com/palantir/witchcraft-go-error v1.45.0 h1:79QHKMcz9g+EeDUW1xJ2V74z3VUM1m2bUcDTerg00Xs=
github.com/palantir/witchcraft-go-error v1.45.0/go.mod h1:3fHTDjouj6VtqjSJQnPF0qJlyF7+oRvNzhzFv7uFl7o=
github.com/palantir/witchcraft-go-params v1.41.0 h1:kN+8McJpAxO94YFeOXPn4gEfTDi6mtEwCAoxMv13MQQ=
github.com/palantir/witchcraft-go-params v1.41.0/go.mod h1:/Jel4PARd1KSOGsDKtLUemEhtshRTyJYrHxYj2fMQQo=
github.com/pkg/errors v0.9.1 h1:FEBLx1zS214owpjy7qsBeixbURkuhQAwrK5UwLGTwt4=
github.com/pkg/errors v0.9.1/go.mod h1:bwawxfHBFNV+L2hUp1rHADufV3IMtnDRdf1r5NINEl0=
github.com/pmezard/go-difflib v1.0.0 h1:4DBwDE0NGyQoBHbLQYPwSUPoCMWR5BEzIk/f1lZbAQM=
github.com/pmezard/go-difflib v1.0.0/go.mod h1:iKH77koFhYxTK1pcRnkKkqfTogsbg7gZNVY4sRDYZ/4=
github.com/stathat/go v1.0.0/go.mod h1:+9Eg2szqkcOGWv6gfheJmBBsmq9Qf5KDbzy8/aYYR0c=
github.com/stretchr/testify v1.11.1 h1:7s2iGBzp5EwR7/aIZr8ao5+dra3wiQyKjjFuvgVKu7U=
github.com/stretchr/testify v1.11.1/go.mod h1:wZwfW3scLgRK+23gO65QZefKpKQRnfz6sD981Nm4B6U=
gopkg.in/check.v1 v0.0.0-20161208181325-20d25e280405 h1:yhCVgyC4o1eVCa2tZl7eS0r+SDo693bJlVdllGtEeKM=
gopkg.in/check.v1 v0.0.0-20161208181325-20d25e280405/go.mod h1:Co6ibVJAznAaIkqp8huTwlJQCZ016jof/cbN4VW5Yz0=
gopkg.in/yaml.v3 v3.0.1 h1:fxVm/GzAzEWqLHuvctI91KS9hhNmmWOoWu0XTYJS7CA=
gopkg.in/yaml.v3 v3.0.1/go.mod h1:K4uyk7z7BCEPqu6E+C64Yfv1cQ7kz7rIZviUmN+EgEM=
